
Microsoft Visual Studio Solution File, Format Version 12.00
# Visual Studio 14
VisualStudioVersion = 14.0.23107.0
MinimumVisualStudioVersion = 10.0.40219.1
Project("{FAE04EC0-301F-11D3-BF4B-00C04F79EFBC}") = "AlphaWebApi", "AlphaWebApi\AlphaWebApi.csproj", "{D5F62329-4D52-4FE8-8501-6144C1DFA8C3}"
EndProject
Project("{FAE04EC0-301F-11D3-BF4B-00C04F79EFBC}") = "BravoWebApi", "BravoWebApi\BravoWebApi.csproj", "{1B54CF94-2BC5-42D7-917A-CB9CA3DE845E}"
EndProject
Global
	GlobalSection(SolutionConfigurationPlatforms) = preSolution
		Debug|Any CPU = Debug|Any CPU
		Release|Any CPU = Release|Any CPU
	EndGlobalSection
	GlobalSection(ProjectConfigurationPlatforms) = postSolution
		{D5F62329-4D52-4FE8-8501-6144C1DFA8C3}.Debug|Any CPU.ActiveCfg = Debug|Any CPU
		{D5F62329-4D52-4FE8-8501-6144C1DFA8C3}.Debug|Any CPU.Build.0 = Debug|Any CPU
		{D5F62329-4D52-4FE8-8501-6144C1DFA8C3}.Release|Any CPU.ActiveCfg = Release|Any CPU
		{D5F62329-4D52-4FE8-8501-6144C1DFA8C3}.Release|Any CPU.Build.0 = Release|Any CPU
		{1B54CF94-2BC5-42D7-917A-CB9CA3DE845E}.Debug|Any CPU.ActiveCfg = Debug|Any CPU
		{1B54CF94-2BC5-42D7-917A-CB9CA3DE845E}.Debug|Any CPU.Build.0 = Debug|Any CPU
		{1B54CF94-2BC5-42D7-917A-CB9CA3DE845E}.Release|Any CPU.ActiveCfg = Release|Any CPU
		{1B54CF94-2BC5-42D7-917A-CB9CA3DE845E}.Release|Any CPU.Build.0 = Release|Any CPU
	EndGlobalSection
	GlobalSection(SolutionProperties) = preSolution
		HideSolutionNode = FALSE
	EndGlobalSection
EndGlobal
